
Microsoft Visual Studio Solution File, Format Version 12.00
# Visual Studio Express 2012 for Web
Project("{FAE04EC0-301F-11D3-BF4B-00C04F79EFBC}") = "Common.Logging.Elmah.v2", "Common.Logging.Elmah.v2\Common.Logging.Elmah.v2.csproj", "{B3E5037C-DB11-4745-AB35-CDDA047FC3CE}"
EndProject
Global
	GlobalSection(SolutionConfigurationPlatforms) = preSolution
		Debug|Any CPU = Debug|Any CPU
		Release|Any CPU = Release|Any CPU
	EndGlobalSection
	GlobalSection(ProjectConfigurationPlatforms) = postSolution
		{B3E5037C-DB11-4745-AB35-CDDA047FC3CE}.Debug|Any CPU.ActiveCfg = Debug|Any CPU
		{B3E5037C-DB11-4745-AB35-CDDA047FC3CE}.Debug|Any CPU.Build.0 = Debug|Any CPU
		{B3E5037C-DB11-4745-AB35-CDDA047FC3CE}.Release|Any CPU.ActiveCfg = Release|Any CPU
		{B3E5037C-DB11-4745-AB35-CDDA047FC3CE}.Release|Any CPU.Build.0 = Release|Any CPU
	EndGlobalSection
	GlobalSection(SolutionProperties) = preSolution
		HideSolutionNode = FALSE
	EndGlobalSection
EndGlobal
